
Microsoft Visual Studio Solution File, Format Version 12.00
# Visual Studio Version 16
VisualStudioVersion = 16.0.32901.82
MinimumVisualStudioVersion = 10.0.40219.1
Project("{FAE04EC0-301F-11D3-BF4B-00C04F79EFBC}") = "QL_Nhan_Khau", "QL_Nhan_Khau\QL_Nhan_Khau.csproj", "{8E6A9656-7B5C-4E38-BBC4-A7058DC43FE1}"
EndProject
Global
	GlobalSection(SolutionConfigurationPlatforms) = preSolution
		Debug|Any CPU = Debug|Any CPU
		Release|Any CPU = Release|Any CPU
	EndGlobalSection
	GlobalSection(ProjectConfigurationPlatforms) = postSolution
		{8E6A9656-7B5C-4E38-BBC4-A7058DC43FE1}.Debug|Any CPU.ActiveCfg = Debug|Any CPU
		{8E6A9656-7B5C-4E38-BBC4-A7058DC43FE1}.Debug|Any CPU.Build.0 = Debug|Any CPU
		{8E6A9656-7B5C-4E38-BBC4-A7058DC43FE1}.Release|Any CPU.ActiveCfg = Release|Any CPU
		{8E6A9656-7B5C-4E38-BBC4-A7058DC43FE1}.Release|Any CPU.Build.0 = Release|Any CPU
	EndGlobalSection
	GlobalSection(SolutionProperties) = preSolution
		HideSolutionNode = FALSE
	EndGlobalSection
	GlobalSection(ExtensibilityGlobals) = postSolution
		SolutionGuid = {9302F8D4-BEBA-43C4-A21C-92FCE78EEC68}
	EndGlobalSection
EndGlobal
